github.com/GodsBoss/cyber-revolution-2789 v0.0.0-20220403200008-0e1f4eafc5ce h1:w5Ok1hyt68QLlQcTVyGsaO4hOTW8Dc07wUlNBXVvEpw=
github.com/GodsBoss/cyber-revolution-2789 v0.0.0-20220403200008-0e1f4eafc5ce/go.mod h1:Uco110MOaysxtd9nF1VMjNZCui3dHCSZKfxbg1gMxPU=
github.com/GodsBoss/gggg/v2 v2.0.0-20230929224021-9aea883c0b71 h1:QJTbTR/2sZYqNcMcwZx7FJUVhs0vojFHq9Yyv0mcwjI=
github.com/GodsBoss/gggg/v2 v2.0.0-20230929224021-9aea883c0b71/go.mod h1:vdM1j/ZYCXYWDpq6Hf0HFLH3qgPlKmDem423zOWPjLc=
